
Microsoft Visual Studio Solution File, Format Version 12.00
# Visual Studio Version 16
VisualStudioVersion = 16.0.30907.101
MinimumVisualStudioVersion = 10.0.40219.1
Project("{FAE04EC0-301F-11D3-BF4B-00C04F79EFBC}") = "Laba5", "Laba5.csproj", "{2D64EB8D-02BA-4A2A-A452-ABAC5D9F2F53}"
EndProject
Global
	GlobalSection(SolutionConfigurationPlatforms) = preSolution
		Debug|Any CPU = Debug|Any CPU
		Release|Any CPU = Release|Any CPU
	EndGlobalSection
	GlobalSection(ProjectConfigurationPlatforms) = postSolution
		{2D64EB8D-02BA-4A2A-A452-ABAC5D9F2F53}.Debug|Any CPU.ActiveCfg = Debug|Any CPU
		{2D64EB8D-02BA-4A2A-A452-ABAC5D9F2F53}.Debug|Any CPU.Build.0 = Debug|Any CPU
		{2D64EB8D-02BA-4A2A-A452-ABAC5D9F2F53}.Release|Any CPU.ActiveCfg = Release|Any CPU
		{2D64EB8D-02BA-4A2A-A452-ABAC5D9F2F53}.Release|Any CPU.Build.0 = Release|Any CPU
	EndGlobalSection
	GlobalSection(SolutionProperties) = preSolution
		HideSolutionNode = FALSE
	EndGlobalSection
	GlobalSection(ExtensibilityGlobals) = postSolution
		SolutionGuid = {A43B4298-2386-43FA-BEAD-F35ACD081CE6}
	EndGlobalSection
EndGlobal
